{
  "nodes": {
    "nixpkgs": {
      "locked": {
        "lastModified": 1785571196,
        "narHash": "sha256-xwSqxTsama0YTtS78+4YyCm6jJg09v78QWfP1cAyoVA=",
        "rev": "148bab9c1c3c53136ecb44a6ea356a0ed5b39b06",
        "type": "tarball",
        "url": "https://releases.nixos.org/nixos/unstable/nixos-26.11pre1045728.148bab9c1c3c/nixexprs.tar.xz"
      },
      "original": {
        "type": "tarball",
        "url": "https://channels.nixos.org/nixos-unstable/nixexprs.tar.xz"
      }
    },
    "nixpkgs_2": {
      "locked": {
        "lastModified": 1785828668,
        "narHash": "sha256-VFlH/0nM6kkWQox9IaTqx2eCT3pmkr8bB7iVZ1bkaLs=",
        "rev": "e72e4f299401a3689d4b3d5fc6496b11db7064eb",
        "type": "tarball",
        "url": "https://releases.nixos.org/nixos/unstable/nixos-26.11pre1047536.e72e4f299401/nixexprs.tar.xz"
      },
      "original": {
        "type": "tarball",
        "url": "https://channels.nixos.org/nixos-unstable/nixexprs.tar.xz"
      }
    },
    "root": {
      "inputs": {
        "nixpkgs": "nixpkgs",
        "scenefx": "scenefx",
        "xdg-desktop-portal-umbriel": "xdg-desktop-portal-umbriel"
      }
    },
    "scenefx": {
      "flake": false,
      "locked": {
        "lastModified": 1787367884,
        "narHash": "sha256-CanY5gX81OUvTNpafLc9Bkdk26Xrlq99rkrQQd98EKM=",
        "ref": "umbriel",
        "rev": "a7ceecd5336edd3ac7245e65ab2ee1b12dfa97ca",
        "revCount": 319,
        "type": "git",
        "url": "https://github.com/noctalia-dev/scenefx"
      },
      "original": {
        "ref": "umbriel",
        "type": "git",
        "url": "https://github.com/noctalia-dev/scenefx"
      }
    },
    "xdg-desktop-portal-umbriel": {
      "inputs": {
        "nixpkgs": "nixpkgs_2"
      },
      "locked": {
        "lastModified": 1787324663,
        "narHash": "sha256-/2bD6z4CNZZu7dVz/DPoin/CH921902FZOUe7f1q1hg=",
        "ref": "refs/heads/main",
        "rev": "90171b7aafa3d94594b7ae3ba68428730cde1f45",
        "revCount": 11,
        "type": "git",
        "url": "https://github.com/noctalia-dev/xdg-desktop-portal-umbriel"
      },
      "original": {
        "type": "git",
        "url": "https://github.com/noctalia-dev/xdg-desktop-portal-umbriel"
      }
    }
  },
  "root": "root",
  "version": 7
}
